
Microsoft Visual Studio Solution File, Format Version 12.00
# Visual Studio 15
VisualStudioVersion = 15.0.27703.2035
MinimumVisualStudioVersion = 10.0.40219.1
Project("{FAE04EC0-301F-11D3-BF4B-00C04F79EFBC}") = "FahrenheitToCelsiusForm", "FahrenheitToCelsiusForm\FahrenheitToCelsiusForm.csproj", "{23B2AF51-6152-4463-A065-8927296F404B}"
EndProject
Global
	GlobalSection(SolutionConfigurationPlatforms) = preSolution
		Debug|Any CPU = Debug|Any CPU
		Release|Any CPU = Release|Any CPU
	EndGlobalSection
	GlobalSection(ProjectConfigurationPlatforms) = postSolution
		{23B2AF51-6152-4463-A065-8927296F404B}.Debug|Any CPU.ActiveCfg = Debug|Any CPU
		{23B2AF51-6152-4463-A065-8927296F404B}.Debug|Any CPU.Build.0 = Debug|Any CPU
		{23B2AF51-6152-4463-A065-8927296F404B}.Release|Any CPU.ActiveCfg = Release|Any CPU
		{23B2AF51-6152-4463-A065-8927296F404B}.Release|Any CPU.Build.0 = Release|Any CPU
	EndGlobalSection
	GlobalSection(SolutionProperties) = preSolution
		HideSolutionNode = FALSE
	EndGlobalSection
	GlobalSection(ExtensibilityGlobals) = postSolution
		SolutionGuid = {365F62B0-8B39-4FCE-A14D-66ADF8C8922E}
	EndGlobalSection
EndGlobal
